
Microsoft Visual Studio Solution File, Format Version 12.00
# Visual Studio 15
VisualStudioVersion = 15.0.26730.3
MinimumVisualStudioVersion = 10.0.40219.1
Project("{FAE04EC0-301F-11D3-BF4B-00C04F79EFBC}") = "Final Project Noory", "Final Project Noory\Final Project Noory.csproj", "{5F858DBB-EDCC-4A16-B230-1995C109051C}"
EndProject
Global
	GlobalSection(SolutionConfigurationPlatforms) = preSolution
		Debug|Any CPU = Debug|Any CPU
		Release|Any CPU = Release|Any CPU
	EndGlobalSection
	GlobalSection(ProjectConfigurationPlatforms) = postSolution
		{5F858DBB-EDCC-4A16-B230-1995C109051C}.Debug|Any CPU.ActiveCfg = Debug|Any CPU
		{5F858DBB-EDCC-4A16-B230-1995C109051C}.Debug|Any CPU.Build.0 = Debug|Any CPU
		{5F858DBB-EDCC-4A16-B230-1995C109051C}.Release|Any CPU.ActiveCfg = Release|Any CPU
		{5F858DBB-EDCC-4A16-B230-1995C109051C}.Release|Any CPU.Build.0 = Release|Any CPU
	EndGlobalSection
	GlobalSection(SolutionProperties) = preSolution
		HideSolutionNode = FALSE
	EndGlobalSection
	GlobalSection(ExtensibilityGlobals) = postSolution
		SolutionGuid = {C74A2EDB-ACC7-4093-A827-E26A49704ACA}
	EndGlobalSection
EndGlobal
